{
  "name": "kypzer-time-engine",
  "version": "2.0.0",
  "lockfileVersion": 3,
  "requires": true,
  "packages": {
    "": {
      "name": "kypzer-time-engine",
      "version": "2.0.0",
      "license": "MIT",
      "devDependencies": {
        "jsqr": "^1.4.0"
      }
    },
    "node_modules/jsqr": {
      "version": "1.4.0",
      "resolved": "https://registry.npmjs.org/jsqr/-/jsqr-1.4.0.tgz",
      "integrity": "sha512-dxLob7q65Xg2DvstYkRpkYtmKm2sPJ9oFhrhmudT1dZvNFFTlroai3AWSpLey/w5vMcLBXRgOJsbXpdN9HzU/A==",
      "dev": true,
      "license": "Apache-2.0"
    }
  }
}
